
Microsoft Visual Studio Solution File, Format Version 12.00
# Visual Studio Version 17
VisualStudioVersion = 17.14.36202.13 d17.14
MinimumVisualStudioVersion = 10.0.40219.1
Project("{FAE04EC0-301F-11D3-BF4B-00C04F79EFBC}") = "KARDEM", "KARDEM\KARDEM.csproj", "{4A12CE3B-253B-431F-B72E-9CB7C59AECE8}"
EndProject
Global
	GlobalSection(SolutionConfigurationPlatforms) = preSolution
		Debug|Any CPU = Debug|Any CPU
		Release|Any CPU = Release|Any CPU
	EndGlobalSection
	GlobalSection(ProjectConfigurationPlatforms) = postSolution
		{4A12CE3B-253B-431F-B72E-9CB7C59AECE8}.Debug|Any CPU.ActiveCfg = Debug|Any CPU
		{4A12CE3B-253B-431F-B72E-9CB7C59AECE8}.Debug|Any CPU.Build.0 = Debug|Any CPU
		{4A12CE3B-253B-431F-B72E-9CB7C59AECE8}.Release|Any CPU.ActiveCfg = Release|Any CPU
		{4A12CE3B-253B-431F-B72E-9CB7C59AECE8}.Release|Any CPU.Build.0 = Release|Any CPU
	EndGlobalSection
	GlobalSection(SolutionProperties) = preSolution
		HideSolutionNode = FALSE
	EndGlobalSection
	GlobalSection(ExtensibilityGlobals) = postSolution
		SolutionGuid = {EF6E27F2-B9DC-40A9-9D16-35C7018F7A3B}
	EndGlobalSection
EndGlobal
